
Microsoft Visual Studio Solution File, Format Version 12.00
# Visual Studio Version 17
VisualStudioVersion = 17.0.31903.59
MinimumVisualStudioVersion = 10.0.40219.1
Project("{2150E333-8FDC-42A3-9474-1A3956D46DE8}") = "src", "src", "{CF52A670-C6E9-4CED-B0AC-5902DA6AACE2}"
EndProject
Project("{FAE04EC0-301F-11D3-BF4B-00C04F79EFBC}") = "BurnMachine", "src\BurnMachine\BurnMachine.csproj", "{6D23988D-2AEB-46AF-B1D2-9CF57E28B7B8}"
EndProject
Project("{2150E333-8FDC-42A3-9474-1A3956D46DE8}") = "tests", "tests", "{4DB1F929-5DF9-42FA-9CB0-CE5AAF6D9A0D}"
EndProject
Project("{FAE04EC0-301F-11D3-BF4B-00C04F79EFBC}") = "BurnMachine.Tests", "tests\BurnMachine.Tests\BurnMachine.Tests.csproj", "{71C2DDE2-E517-4984-9C21-82FB03864E60}"
EndProject
Global
	GlobalSection(SolutionConfigurationPlatforms) = preSolution
		Debug|Any CPU = Debug|Any CPU
		Release|Any CPU = Release|Any CPU
	EndGlobalSection
	GlobalSection(SolutionProperties) = preSolution
		HideSolutionNode = FALSE
	EndGlobalSection
	GlobalSection(ProjectConfigurationPlatforms) = postSolution
		{6D23988D-2AEB-46AF-B1D2-9CF57E28B7B8}.Debug|Any CPU.ActiveCfg = Debug|Any CPU
		{6D23988D-2AEB-46AF-B1D2-9CF57E28B7B8}.Debug|Any CPU.Build.0 = Debug|Any CPU
		{6D23988D-2AEB-46AF-B1D2-9CF57E28B7B8}.Release|Any CPU.ActiveCfg = Release|Any CPU
		{6D23988D-2AEB-46AF-B1D2-9CF57E28B7B8}.Release|Any CPU.Build.0 = Release|Any CPU
		{71C2DDE2-E517-4984-9C21-82FB03864E60}.Debug|Any CPU.ActiveCfg = Debug|Any CPU
		{71C2DDE2-E517-4984-9C21-82FB03864E60}.Debug|Any CPU.Build.0 = Debug|Any CPU
		{71C2DDE2-E517-4984-9C21-82FB03864E60}.Release|Any CPU.ActiveCfg = Release|Any CPU
		{71C2DDE2-E517-4984-9C21-82FB03864E60}.Release|Any CPU.Build.0 = Release|Any CPU
	EndGlobalSection
	GlobalSection(NestedProjects) = preSolution
		{6D23988D-2AEB-46AF-B1D2-9CF57E28B7B8} = {CF52A670-C6E9-4CED-B0AC-5902DA6AACE2}
		{71C2DDE2-E517-4984-9C21-82FB03864E60} = {4DB1F929-5DF9-42FA-9CB0-CE5AAF6D9A0D}
	EndGlobalSection
EndGlobal
